// !$*UTF8*$!
{
	archiveVersion = 1;
	classes = {
	};
	objectVersion = 51;
	objects = {

/* Begin PBXBuildFile section */
		B102059E23EBD27D003F01AC /* ProfViewController.swift in Sources */ = {isa = PBXBuildFile; fileRef = B102059D23EBD27D003F01AC /* ProfViewController.swift */; };
		B10205A623ED6729003F01AC /* GoogleService-Info.plist in Resources */ = {isa = PBXBuildFile; fileRef = B10205A523ED6729003F01AC /* GoogleService-Info.plist */; };
		B11530B623EAB91600540788 /* SlideTransition.swift in Sources */ = {isa = PBXBuildFile; fileRef = B11530B523EAB91600540788 /* SlideTransition.swift */; };
		B140D22D2400FC8400F8B0FF /* Post2ViewController.swift in Sources */ = {isa = PBXBuildFile; fileRef = B140D22C2400FC8400F8B0FF /* Post2ViewController.swift */; };
		B1470B3F241B44A80054E126 /* MessageViewController.swift in Sources */ = {isa = PBXBuildFile; fileRef = B1470B3E241B44A80054E126 /* MessageViewController.swift */; };
		B1470B41241B5D900054E126 /* MessageRoomViewController.swift in Sources */ = {isa = PBXBuildFile; fileRef = B1470B40241B5D900054E126 /* MessageRoomViewController.swift */; };
		B1470B4A241DD9590054E126 /* Message.swift in Sources */ = {isa = PBXBuildFile; fileRef = B1470B49241DD9590054E126 /* Message.swift */; };
		B1470B4F241DF4F80054E126 /* MessageTableViewCell.swift in Sources */ = {isa = PBXBuildFile; fileRef = B1470B4D241DF4F80054E126 /* MessageTableViewCell.swift */; };
		B1470B50241DF4F80054E126 /* MessageTableViewCell.xib in Resources */ = {isa = PBXBuildFile; fileRef = B1470B4E241DF4F80054E126 /* MessageTableViewCell.xib */; };
		B151401E24162370002C45DA /* PostInformationViewController.swift in Sources */ = {isa = PBXBuildFile; fileRef = B151401D24162370002C45DA /* PostInformationViewController.swift */; };
		B1518B4A240F8A0A0015962A /* HomeTableViewCell.swift in Sources */ = {isa = PBXBuildFile; fileRef = B1518B49240F8A0A0015962A /* HomeTableViewCell.swift */; };
		B15259BC241F364300AF06AA /* MessageRoomCell.swift in Sources */ = {isa = PBXBuildFile; fileRef = B15259BA241F364300AF06AA /* MessageRoomCell.swift */; };
		B15259BD241F364300AF06AA /* MessageRoomCell.xib in Resources */ = {isa = PBXBuildFile; fileRef = B15259BB241F364300AF06AA /* MessageRoomCell.xib */; };
		B162932423E29DC800C8463A /* AppDelegate.swift in Sources */ = {isa = PBXBuildFile; fileRef = B162932323E29DC800C8463A /* AppDelegate.swift */; };
		B162932623E29DC800C8463A /* SceneDelegate.swift in Sources */ = {isa = PBXBuildFile; fileRef = B162932523E29DC800C8463A /* SceneDelegate.swift */; };
		B162932B23E29DC800C8463A /* Main.storyboard in Resources */ = {isa = PBXBuildFile; fileRef = B162932923E29DC800C8463A /* Main.storyboard */; };
		B162932D23E29DC900C8463A /* Assets.xcassets in Resources */ = {isa = PBXBuildFile; fileRef = B162932C23E29DC900C8463A /* Assets.xcassets */; };
		B162933023E29DC900C8463A /* LaunchScreen.storyboard in Resources */ = {isa = PBXBuildFile; fileRef = B162932E23E29DC900C8463A /* LaunchScreen.storyboard */; };
		B162933B23E2A9D800C8463A /* IntoroViewController.swift in Sources */ = {isa = PBXBuildFile; fileRef = B162933A23E2A9D800C8463A /* IntoroViewController.swift */; };
		B162933D23E2ABDD00C8463A /* LoginViewController.swift in Sources */ = {isa = PBXBuildFile; fileRef = B162933C23E2ABDD00C8463A /* LoginViewController.swift */; };
		B16CE0432407831400FB5BF3 /* Post5ViewController.swift in Sources */ = {isa = PBXBuildFile; fileRef = B16CE0422407831400FB5BF3 /* Post5ViewController.swift */; };
		B16CE0452408D96200FB5BF3 /* Post6ViewController.swift in Sources */ = {isa = PBXBuildFile; fileRef = B16CE0442408D96200FB5BF3 /* Post6ViewController.swift */; };
		B1748C3F240139DF00FB8F40 /* Post3ViewController.swift in Sources */ = {isa = PBXBuildFile; fileRef = B1748C3E240139DF00FB8F40 /* Post3ViewController.swift */; };
		B1748C412402691A00FB8F40 /* MapKit.framework in Frameworks */ = {isa = PBXBuildFile; fileRef = B1748C402402691A00FB8F40 /* MapKit.framework */; };
		B1748C432403A1FC00FB8F40 /* Post4ViewController.swift in Sources */ = {isa = PBXBuildFile; fileRef = B1748C422403A1FC00FB8F40 /* Post4ViewController.swift */; };
		B1A2128B23EA86800090E467 /* HomeViewController.swift in Sources */ = {isa = PBXBuildFile; fileRef = B1A2128A23EA86800090E467 /* HomeViewController.swift */; };
		B1A2129023EA8B360090E467 /* MenuViewController.swift in Sources */ = {isa = PBXBuildFile; fileRef = B1A2128F23EA8B360090E467 /* MenuViewController.swift */; };
		B1A2129323EA98860090E467 /* Home.storyboard in Resources */ = {isa = PBXBuildFile; fileRef = B1A2129223EA98860090E467 /* Home.storyboard */; };
		B1A9BE1523FD402A00E398F2 /* 3.json in Resources */ = {isa = PBXBuildFile; fileRef = B1A9BE1423FD402A00E398F2 /* 3.json */; };
		B1B7318923E67F950081D0A7 /* NewMemberSettingViewController.swift in Sources */ = {isa = PBXBuildFile; fileRef = B1B7318823E67F950081D0A7 /* NewMemberSettingViewController.swift */; };
		B1BECA6123E2DA3D000CE5AD /* 1.json in Resources */ = {isa = PBXBuildFile; fileRef = B1BECA6023E2DA3D000CE5AD /* 1.json */; };
		B1FCCD2723FFABE60065FA1F /* PostViewController.swift in Sources */ = {isa = PBXBuildFile; fileRef = B1FCCD2623FFABE60065FA1F /* PostViewController.swift */; };
		B1FE7C2923E2DCF800B1AF3C /* 2.json in Resources */ = {isa = PBXBuildFile; fileRef = B1FE7C2823E2DCF800B1AF3C /* 2.json */; };
		F6D64FD72FC0266D289FE69B /* Pods_YourHost.framework in Frameworks */ = {isa = PBXBuildFile; fileRef = 552B16203FD108315A7CF3BF /* Pods_YourHost.framework */; };
/* End PBXBuildFile section */

/* Begin PBXFileReference section */
		3A4E979F709E2E85E03EC729 /* Pods-YourHost.release.xcconfig */ = {isa = PBXFileReference; includeInIndex = 1; lastKnownFileType = text.xcconfig; name = "Pods-YourHost.release.xcconfig"; path = "Target Support Files/Pods-YourHost/Pods-YourHost.release.xcconfig"; sourceTree = "<group>"; };
		552B16203FD108315A7CF3BF /* Pods_YourHost.framework */ = {isa = PBXFileReference; explicitFileType = wrapper.framework; includeInIndex = 0; path = Pods_YourHost.framework; sourceTree = BUILT_PRODUCTS_DIR; };
		B102059D23EBD27D003F01AC /* ProfViewController.swift */ = {isa = PBXFileReference; lastKnownFileType = sourcecode.swift; path = ProfViewController.swift; sourceTree = "<group>"; };
		B10205A523ED6729003F01AC /* GoogleService-Info.plist */ = {isa = PBXFileReference; fileEncoding = 4; lastKnownFileType = text.plist.xml; path = "GoogleService-Info.plist"; sourceTree = "<group>"; };
		B11530B523EAB91600540788 /* SlideTransition.swift */ = {isa = PBXFileReference; lastKnownFileType = sourcecode.swift; path = SlideTransition.swift; sourceTree = "<group>"; };
		B140D22C2400FC8400F8B0FF /* Post2ViewController.swift */ = {isa = PBXFileReference; lastKnownFileType = sourcecode.swift; path = Post2ViewController.swift; sourceTree = "<group>"; };
		B1470B3E241B44A80054E126 /* MessageViewController.swift */ = {isa = PBXFileReference; lastKnownFileType = sourcecode.swift; path = MessageViewController.swift; sourceTree = "<group>"; };
		B1470B40241B5D900054E126 /* MessageRoomViewController.swift */ = {isa = PBXFileReference; lastKnownFileType = sourcecode.swift; path = MessageRoomViewController.swift; sourceTree = "<group>"; };
		B1470B49241DD9590054E126 /* Message.swift */ = {isa = PBXFileReference; lastKnownFileType = sourcecode.swift; path = Message.swift; sourceTree = "<group>"; };
		B1470B4D241DF4F80054E126 /* MessageTableViewCell.swift */ = {isa = PBXFileReference; lastKnownFileType = sourcecode.swift; path = MessageTableViewCell.swift; sourceTree = "<group>"; };
		B1470B4E241DF4F80054E126 /* MessageTableViewCell.xib */ = {isa = PBXFileReference; lastKnownFileType = file.xib; path = MessageTableViewCell.xib; sourceTree = "<group>"; };
		B151401D24162370002C45DA /* PostInformationViewController.swift */ = {isa = PBXFileReference; lastKnownFileType = sourcecode.swift; path = PostInformationViewController.swift; sourceTree = "<group>"; };
		B1518B49240F8A0A0015962A /* HomeTableViewCell.swift */ = {isa = PBXFileReference; lastKnownFileType = sourcecode.swift; path = HomeTableViewCell.swift; sourceTree = "<group>"; };
		B15259BA241F364300AF06AA /* MessageRoomCell.swift */ = {isa = PBXFileReference; lastKnownFileType = sourcecode.swift; path = MessageRoomCell.swift; sourceTree = "<group>"; };
		B15259BB241F364300AF06AA /* MessageRoomCell.xib */ = {isa = PBXFileReference; lastKnownFileType = file.xib; path = MessageRoomCell.xib; sourceTree = "<group>"; };
		B162932023E29DC800C8463A /* YourHost.app */ = {isa = PBXFileReference; explicitFileType = wrapper.application; includeInIndex = 0; path = YourHost.app; sourceTree = BUILT_PRODUCTS_DIR; };
		B162932323E29DC800C8463A /* AppDelegate.swift */ = {isa = PBXFileReference; lastKnownFileType = sourcecode.swift; path = AppDelegate.swift; sourceTree = "<group>"; };
		B162932523E29DC800C8463A /* SceneDelegate.swift */ = {isa = PBXFileReference; lastKnownFileType = sourcecode.swift; path = SceneDelegate.swift; sourceTree = "<group>"; };
		B162932A23E29DC800C8463A /* Base */ = {isa = PBXFileReference; lastKnownFileType = file.storyboard; name = Base; path = Base.lproj/Main.storyboard; sourceTree = "<group>"; };
		B162932C23E29DC900C8463A /* Assets.xcassets */ = {isa = PBXFileReference; lastKnownFileType = folder.assetcatalog; path = Assets.xcassets; sourceTree = "<group>"; };
		B162932F23E29DC900C8463A /* Base */ = {isa = PBXFileReference; lastKnownFileType = file.storyboard; name = Base; path = Base.lproj/LaunchScreen.storyboard; sourceTree = "<group>"; };
		B162933123E29DC900C8463A /* Info.plist */ = {isa = PBXFileReference; lastKnownFileType = text.plist.xml; path = Info.plist; sourceTree = "<group>"; };
		B162933A23E2A9D800C8463A /* IntoroViewController.swift */ = {isa = PBXFileReference; lastKnownFileType = sourcecode.swift; path = IntoroViewController.swift; sourceTree = "<group>"; };
		B162933C23E2ABDD00C8463A /* LoginViewController.swift */ = {isa = PBXFileReference; lastKnownFileType = sourcecode.swift; path = LoginViewController.swift; sourceTree = "<group>"; };
		B16CE0422407831400FB5BF3 /* Post5ViewController.swift */ = {isa = PBXFileReference; lastKnownFileType = sourcecode.swift; path = Post5ViewController.swift; sourceTree = "<group>"; };
		B16CE0442408D96200FB5BF3 /* Post6ViewController.swift */ = {isa = PBXFileReference; lastKnownFileType = sourcecode.swift; path = Post6ViewController.swift; sourceTree = "<group>"; };
		B1748C3E240139DF00FB8F40 /* Post3ViewController.swift */ = {isa = PBXFileReference; lastKnownFileType = sourcecode.swift; path = Post3ViewController.swift; sourceTree = "<group>"; };
		B1748C402402691A00FB8F40 /* MapKit.framework */ = {isa = PBXFileReference; lastKnownFileType = wrapper.framework; name = MapKit.framework; path = System/Library/Frameworks/MapKit.framework; sourceTree = SDKROOT; };
		B1748C422403A1FC00FB8F40 /* Post4ViewController.swift */ = {isa = PBXFileReference; lastKnownFileType = sourcecode.swift; path = Post4ViewController.swift; sourceTree = "<group>"; };
		B1A2128A23EA86800090E467 /* HomeViewController.swift */ = {isa = PBXFileReference; lastKnownFileType = sourcecode.swift; path = HomeViewController.swift; sourceTree = "<group>"; };
		B1A2128F23EA8B360090E467 /* MenuViewController.swift */ = {isa = PBXFileReference; lastKnownFileType = sourcecode.swift; path = MenuViewController.swift; sourceTree = "<group>"; };
		B1A2129223EA98860090E467 /* Home.storyboard */ = {isa = PBXFileReference; lastKnownFileType = file.storyboard; path = Home.storyboard; sourceTree = "<group>"; };
		B1A9BE1423FD402A00E398F2 /* 3.json */ = {isa = PBXFileReference; fileEncoding = 4; lastKnownFileType = text.json; name = 3.json; path = ../../../../Downloads/3.json; sourceTree = "<group>"; };
		B1B7318823E67F950081D0A7 /* NewMemberSettingViewController.swift */ = {isa = PBXFileReference; lastKnownFileType = sourcecode.swift; path = NewMemberSettingViewController.swift; sourceTree = "<group>"; };
		B1BECA6023E2DA3D000CE5AD /* 1.json */ = {isa = PBXFileReference; fileEncoding = 4; lastKnownFileType = text.json; path = 1.json; sourceTree = "<group>"; };
		B1FCCD2623FFABE60065FA1F /* PostViewController.swift */ = {isa = PBXFileReference; lastKnownFileType = sourcecode.swift; path = PostViewController.swift; sourceTree = "<group>"; };
		B1FE7C2823E2DCF800B1AF3C /* 2.json */ = {isa = PBXFileReference; fileEncoding = 4; lastKnownFileType = text.json; name = 2.json; path = ../../../2.json; sourceTree = "<group>"; };
		BF5A5080CE58AE217A05BD81 /* Pods-YourHost.debug.xcconfig */ = {isa = PBXFileReference; includeInIndex = 1; lastKnownFileType = text.xcconfig; name = "Pods-YourHost.debug.xcconfig"; path = "Target Support Files/Pods-YourHost/Pods-YourHost.debug.xcconfig"; sourceTree = "<group>"; };
/* End PBXFileReference section */

/* Begin PBXFrameworksBuildPhase section */
		B162931D23E29DC800C8463A /* Frameworks */ = {
			isa = PBXFrameworksBuildPhase;
			buildActionMask = 2147483647;
			files = (
				B1748C412402691A00FB8F40 /* MapKit.framework in Frameworks */,
				F6D64FD72FC0266D289FE69B /* Pods_YourHost.framework in Frameworks */,
			);
			runOnlyForDeploymentPostprocessing = 0;
		};
/* End PBXFrameworksBuildPhase section */

/* Begin PBXGroup section */
		889F95F32A428AE2DE23B38A /* Frameworks */ = {
			isa = PBXGroup;
			children = (
				B1748C402402691A00FB8F40 /* MapKit.framework */,
				552B16203FD108315A7CF3BF /* Pods_YourHost.framework */,
			);
			name = Frameworks;
			sourceTree = "<group>";
		};
		A9940188708C3B34D4953CEC /* Pods */ = {
			isa = PBXGroup;
			children = (
				BF5A5080CE58AE217A05BD81 /* Pods-YourHost.debug.xcconfig */,
				3A4E979F709E2E85E03EC729 /* Pods-YourHost.release.xcconfig */,
			);
			path = Pods;
			sourceTree = "<group>";
		};
		B1470B3D241B44610054E126 /* Mesage */ = {
			isa = PBXGroup;
			children = (
				B1470B3E241B44A80054E126 /* MessageViewController.swift */,
				B1470B4D241DF4F80054E126 /* MessageTableViewCell.swift */,
				B1470B4E241DF4F80054E126 /* MessageTableViewCell.xib */,
				B1470B40241B5D900054E126 /* MessageRoomViewController.swift */,
				B15259BA241F364300AF06AA /* MessageRoomCell.swift */,
				B15259BB241F364300AF06AA /* MessageRoomCell.xib */,
			);
			path = Mesage;
			sourceTree = "<group>";
		};
		B162931723E29DC800C8463A = {
			isa = PBXGroup;
			children = (
				B162932223E29DC800C8463A /* YourHost */,
				B162932123E29DC800C8463A /* Products */,
				A9940188708C3B34D4953CEC /* Pods */,
				889F95F32A428AE2DE23B38A /* Frameworks */,
			);
			sourceTree = "<group>";
		};
		B162932123E29DC800C8463A /* Products */ = {
			isa = PBXGroup;
			children = (
				B162932023E29DC800C8463A /* YourHost.app */,
			);
			name = Products;
			sourceTree = "<group>";
		};
		B162932223E29DC800C8463A /* YourHost */ = {
			isa = PBXGroup;
			children = (
				B162932323E29DC800C8463A /* AppDelegate.swift */,
				B162932523E29DC800C8463A /* SceneDelegate.swift */,
				B1B7318523E5B01D0081D0A7 /* Method */,
				B1A2129123EA98420090E467 /* HomeView */,
				B162933923E2A8FB00C8463A /* LoginView */,
				B162933823E2A8F000C8463A /* LoginController */,
				B1470B3D241B44610054E126 /* Mesage */,
				B1A2128923EA85150090E467 /* TimeLine */,
				B1FCCD2323FFAA030065FA1F /* Post */,
				B162933123E29DC900C8463A /* Info.plist */,
				B10205A523ED6729003F01AC /* GoogleService-Info.plist */,
				B162932C23E29DC900C8463A /* Assets.xcassets */,
				B1BECA6023E2DA3D000CE5AD /* 1.json */,
				B1FE7C2823E2DCF800B1AF3C /* 2.json */,
				B1A9BE1423FD402A00E398F2 /* 3.json */,
			);
			path = YourHost;
			sourceTree = "<group>";
		};
		B162933823E2A8F000C8463A /* LoginController */ = {
			isa = PBXGroup;
			children = (
				B162933A23E2A9D800C8463A /* IntoroViewController.swift */,
				B162933C23E2ABDD00C8463A /* LoginViewController.swift */,
				B1B7318823E67F950081D0A7 /* NewMemberSettingViewController.swift */,
			);
			path = LoginController;
			sourceTree = "<group>";
		};
		B162933923E2A8FB00C8463A /* LoginView */ = {
			isa = PBXGroup;
			children = (
				B162932923E29DC800C8463A /* Main.storyboard */,
				B162932E23E29DC900C8463A /* LaunchScreen.storyboard */,
			);
			path = LoginView;
			sourceTree = "<group>";
		};
		B1A2128923EA85150090E467 /* TimeLine */ = {
			isa = PBXGroup;
			children = (
				B1A2128A23EA86800090E467 /* HomeViewController.swift */,
				B1518B49240F8A0A0015962A /* HomeTableViewCell.swift */,
				B151401D24162370002C45DA /* PostInformationViewController.swift */,
				B1A2128F23EA8B360090E467 /* MenuViewController.swift */,
				B102059D23EBD27D003F01AC /* ProfViewController.swift */,
			);
			path = TimeLine;
			sourceTree = "<group>";
		};
		B1A2129123EA98420090E467 /* HomeView */ = {
			isa = PBXGroup;
			children = (
				B1A2129223EA98860090E467 /* Home.storyboard */,
			);
			path = HomeView;
			sourceTree = "<group>";
		};
		B1B7318523E5B01D0081D0A7 /* Method */ = {
			isa = PBXGroup;
			children = (
				B11530B523EAB91600540788 /* SlideTransition.swift */,
				B1470B49241DD9590054E126 /* Message.swift */,
			);
			path = Method;
			sourceTree = "<group>";
		};
		B1FCCD2323FFAA030065FA1F /* Post */ = {
			isa = PBXGroup;
			children = (
				B1FCCD2623FFABE60065FA1F /* PostViewController.swift */,
				B140D22C2400FC8400F8B0FF /* Post2ViewController.swift */,
				B1748C3E240139DF00FB8F40 /* Post3ViewController.swift */,
				B1748C422403A1FC00FB8F40 /* Post4ViewController.swift */,
				B16CE0422407831400FB5BF3 /* Post5ViewController.swift */,
				B16CE0442408D96200FB5BF3 /* Post6ViewController.swift */,
			);
			path = Post;
			sourceTree = "<group>";
		};
/* End PBXGroup section */

/* Begin PBXNativeTarget section */
		B162931F23E29DC800C8463A /* YourHost */ = {
			isa = PBXNativeTarget;
			buildConfigurationList = B162933423E29DC900C8463A /* Build configuration list for PBXNativeTarget "YourHost" */;
			buildPhases = (
				06586B92A1F0E052A4E04C84 /* [CP] Check Pods Manifest.lock */,
				B162931C23E29DC800C8463A /* Sources */,
				B162931D23E29DC800C8463A /* Frameworks */,
				B162931E23E29DC800C8463A /* Resources */,
				5EA0EE99F4F9CD8DE741043C /* [CP] Embed Pods Frameworks */,
				7E44244187EE2958A471CA6E /* [CP] Copy Pods Resources */,
			);
			buildRules = (
			);
			dependencies = (
			);
			name = YourHost;
			productName = YourHost;
			productReference = B162932023E29DC800C8463A /* YourHost.app */;
			productType = "com.apple.product-type.application";
		};
/* End PBXNativeTarget section */

/* Begin PBXProject section */
		B162931823E29DC800C8463A /* Project object */ = {
			isa = PBXProject;
			attributes = {
				LastSwiftUpdateCheck = 1130;
				LastUpgradeCheck = 1130;
				ORGANIZATIONNAME = "Taiga Shiga";
				TargetAttributes = {
					B162931F23E29DC800C8463A = {
						CreatedOnToolsVersion = 11.3.1;
					};
				};
			};
			buildConfigurationList = B162931B23E29DC800C8463A /* Build configuration list for PBXProject "YourHost" */;
			compatibilityVersion = "Xcode 9.3";
			developmentRegion = en;
			hasScannedForEncodings = 0;
			knownRegions = (
				en,
				Base,
			);
			mainGroup = B162931723E29DC800C8463A;
			productRefGroup = B162932123E29DC800C8463A /* Products */;
			projectDirPath = "";
			projectRoot = "";
			targets = (
				B162931F23E29DC800C8463A /* YourHost */,
			);
		};
/* End PBXProject section */

/* Begin PBXResourcesBuildPhase section */
		B162931E23E29DC800C8463A /* Resources */ = {
			isa = PBXResourcesBuildPhase;
			buildActionMask = 2147483647;
			files = (
				B15259BD241F364300AF06AA /* MessageRoomCell.xib in Resources */,
				B162933023E29DC900C8463A /* LaunchScreen.storyboard in Resources */,
				B1A9BE1523FD402A00E398F2 /* 3.json in Resources */,
				B162932D23E29DC900C8463A /* Assets.xcassets in Resources */,
				B10205A623ED6729003F01AC /* GoogleService-Info.plist in Resources */,
				B1470B50241DF4F80054E126 /* MessageTableViewCell.xib in Resources */,
				B1FE7C2923E2DCF800B1AF3C /* 2.json in Resources */,
				B1A2129323EA98860090E467 /* Home.storyboard in Resources */,
				B162932B23E29DC800C8463A /* Main.storyboard in Resources */,
				B1BECA6123E2DA3D000CE5AD /* 1.json in Resources */,
			);
			runOnlyForDeploymentPostprocessing = 0;
		};
/* End PBXResourcesBuildPhase section */

/* Begin PBXShellScriptBuildPhase section */
		06586B92A1F0E052A4E04C84 /* [CP] Check Pods Manifest.lock */ = {
			isa = PBXShellScriptBuildPhase;
			buildActionMask = 2147483647;
			files = (
			);
			inputFileListPaths = (
			);
			inputPaths = (
				"${PODS_PODFILE_DIR_PATH}/Podfile.lock",
				"${PODS_ROOT}/Manifest.lock",
			);
			name = "[CP] Check Pods Manifest.lock";
			outputFileListPaths = (
			);
			outputPaths = (
				"$(DERIVED_FILE_DIR)/Pods-YourHost-checkManifestLockResult.txt",
			);
			runOnlyForDeploymentPostprocessing = 0;
			shellPath = /bin/sh;
			shellScript = "diff \"${PODS_PODFILE_DIR_PATH}/Podfile.lock\" \"${PODS_ROOT}/Manifest.lock\" > /dev/null\nif [ $? != 0 ] ; then\n    # print error to STDERR\n    echo \"error: The sandbox is not in sync with the Podfile.lock. Run 'pod install' or update your CocoaPods installation.\" >&2\n    exit 1\nfi\n# This output is used by Xcode 'outputs' to avoid re-running this script phase.\necho \"SUCCESS\" > \"${SCRIPT_OUTPUT_FILE_0}\"\n";
			showEnvVarsInLog = 0;
		};
		5EA0EE99F4F9CD8DE741043C /* [CP] Embed Pods Frameworks */ = {
			isa = PBXShellScriptBuildPhase;
			buildActionMask = 2147483647;
			files = (
			);
			inputFileListPaths = (
				"${PODS_ROOT}/Target Support Files/Pods-YourHost/Pods-YourHost-frameworks-${CONFIGURATION}-input-files.xcfilelist",
			);
			name = "[CP] Embed Pods Frameworks";
			outputFileListPaths = (
				"${PODS_ROOT}/Target Support Files/Pods-YourHost/Pods-YourHost-frameworks-${CONFIGURATION}-output-files.xcfilelist",
			);
			runOnlyForDeploymentPostprocessing = 0;
			shellPath = /bin/sh;
			shellScript = "\"${PODS_ROOT}/Target Support Files/Pods-YourHost/Pods-YourHost-frameworks.sh\"\n";
			showEnvVarsInLog = 0;
		};
		7E44244187EE2958A471CA6E /* [CP] Copy Pods Resources */ = {
			isa = PBXShellScriptBuildPhase;
			buildActionMask = 2147483647;
			files = (
			);
			inputFileListPaths = (
				"${PODS_ROOT}/Target Support Files/Pods-YourHost/Pods-YourHost-resources-${CONFIGURATION}-input-files.xcfilelist",
			);
			name = "[CP] Copy Pods Resources";
			outputFileListPaths = (
				"${PODS_ROOT}/Target Support Files/Pods-YourHost/Pods-YourHost-resources-${CONFIGURATION}-output-files.xcfilelist",
			);
			runOnlyForDeploymentPostprocessing = 0;
			shellPath = /bin/sh;
			shellScript = "\"${PODS_ROOT}/Target Support Files/Pods-YourHost/Pods-YourHost-resources.sh\"\n";
			showEnvVarsInLog = 0;
		};
/* End PBXShellScriptBuildPhase section */

/* Begin PBXSourcesBuildPhase section */
		B162931C23E29DC800C8463A /* Sources */ = {
			isa = PBXSourcesBuildPhase;
			buildActionMask = 2147483647;
			files = (
				B1FCCD2723FFABE60065FA1F /* PostViewController.swift in Sources */,
				B151401E24162370002C45DA /* PostInformationViewController.swift in Sources */,
				B162933D23E2ABDD00C8463A /* LoginViewController.swift in Sources */,
				B11530B623EAB91600540788 /* SlideTransition.swift in Sources */,
				B1748C432403A1FC00FB8F40 /* Post4ViewController.swift in Sources */,
				B162933B23E2A9D800C8463A /* IntoroViewController.swift in Sources */,
				B16CE0452408D96200FB5BF3 /* Post6ViewController.swift in Sources */,
				B1470B41241B5D900054E126 /* MessageRoomViewController.swift in Sources */,
				B1748C3F240139DF00FB8F40 /* Post3ViewController.swift in Sources */,
				B102059E23EBD27D003F01AC /* ProfViewController.swift in Sources */,
				B140D22D2400FC8400F8B0FF /* Post2ViewController.swift in Sources */,
				B16CE0432407831400FB5BF3 /* Post5ViewController.swift in Sources */,
				B15259BC241F364300AF06AA /* MessageRoomCell.swift in Sources */,
				B162932423E29DC800C8463A /* AppDelegate.swift in Sources */,
				B162932623E29DC800C8463A /* SceneDelegate.swift in Sources */,
				B1470B4F241DF4F80054E126 /* MessageTableViewCell.swift in Sources */,
				B1B7318923E67F950081D0A7 /* NewMemberSettingViewController.swift in Sources */,
				B1470B3F241B44A80054E126 /* MessageViewController.swift in Sources */,
				B1A2128B23EA86800090E467 /* HomeViewController.swift in Sources */,
				B1470B4A241DD9590054E126 /* Message.swift in Sources */,
				B1518B4A240F8A0A0015962A /* HomeTableViewCell.swift in Sources */,
				B1A2129023EA8B360090E467 /* MenuViewController.swift in Sources */,
			);
			runOnlyForDeploymentPostprocessing = 0;
		};
/* End PBXSourcesBuildPhase section */

/* Begin PBXVariantGroup section */
		B162932923E29DC800C8463A /* Main.storyboard */ = {
			isa = PBXVariantGroup;
			children = (
				B162932A23E29DC800C8463A /* Base */,
			);
			name = Main.storyboard;
			sourceTree = "<group>";
		};
		B162932E23E29DC900C8463A /* LaunchScreen.storyboard */ = {
			isa = PBXVariantGroup;
			children = (
				B162932F23E29DC900C8463A /* Base */,
			);
			name = LaunchScreen.storyboard;
			sourceTree = "<group>";
		};
/* End PBXVariantGroup section */

/* Begin XCBuildConfiguration section */
		B162933223E29DC900C8463A /* Debug */ = {
			isa = XCBuildConfiguration;
			buildSettings = {
				ALWAYS_SEARCH_USER_PATHS = NO;
				CLANG_ANALYZER_NONNULL = YES;
				CLANG_ANALYZER_NUMBER_OBJECT_CONVERSION = YES_AGGRESSIVE;
				CLANG_CXX_LANGUAGE_STANDARD = "gnu++14";
				CLANG_CXX_LIBRARY = "libc++";
				CLANG_ENABLE_MODULES = YES;
				CLANG_ENABLE_OBJC_ARC = YES;
				CLANG_ENABLE_OBJC_WEAK = YES;
				CLANG_WARN_BLOCK_CAPTURE_AUTORELEASING = YES;
				CLANG_WARN_BOOL_CONVERSION = YES;
				CLANG_WARN_COMMA = YES;
				CLANG_WARN_CONSTANT_CONVERSION = YES;
				CLANG_WARN_DEPRECATED_OBJC_IMPLEMENTATIONS = YES;
				CLANG_WARN_DIRECT_OBJC_ISA_USAGE = YES_ERROR;
				CLANG_WARN_DOCUMENTATION_COMMENTS = YES;
				CLANG_WARN_EMPTY_BODY = YES;
				CLANG_WARN_ENUM_CONVERSION = YES;
				CLANG_WARN_INFINITE_RECURSION = YES;
				CLANG_WARN_INT_CONVERSION = YES;
				CLANG_WARN_NON_LITERAL_NULL_CONVERSION = YES;
				CLANG_WARN_OBJC_IMPLICIT_RETAIN_SELF = YES;
				CLANG_WARN_OBJC_LITERAL_CONVERSION = YES;
				CLANG_WARN_OBJC_ROOT_CLASS = YES_ERROR;
				CLANG_WARN_RANGE_LOOP_ANALYSIS = YES;
				CLANG_WARN_STRICT_PROTOTYPES = YES;
				CLANG_WARN_SUSPICIOUS_MOVE = YES;
				CLANG_WARN_UNGUARDED_AVAILABILITY = YES_AGGRESSIVE;
				CLANG_WARN_UNREACHABLE_CODE = YES;
				CLANG_WARN__DUPLICATE_METHOD_MATCH = YES;
				COPY_PHASE_STRIP = NO;
				DEBUG_INFORMATION_FORMAT = dwarf;
				ENABLE_STRICT_OBJC_MSGSEND = YES;
				ENABLE_TESTABILITY = YES;
				GCC_C_LANGUAGE_STANDARD = gnu11;
				GCC_DYNAMIC_NO_PIC = NO;
				GCC_NO_COMMON_BLOCKS = YES;
				GCC_OPTIMIZATION_LEVEL = 0;
				GCC_PREPROCESSOR_DEFINITIONS = (
					"DEBUG=1",
					"$(inherited)",
				);
				GCC_WARN_64_TO_32_BIT_CONVERSION = YES;
				GCC_WARN_ABOUT_RETURN_TYPE = YES_ERROR;
				GCC_WARN_UNDECLARED_SELECTOR = YES;
				GCC_WARN_UNINITIALIZED_AUTOS = YES_AGGRESSIVE;
				GCC_WARN_UNUSED_FUNCTION = YES;
				GCC_WARN_UNUSED_VARIABLE = YES;
				IPHONEOS_DEPLOYMENT_TARGET = 13.2;
				MTL_ENABLE_DEBUG_INFO = INCLUDE_SOURCE;
				MTL_FAST_MATH = YES;
				ONLY_ACTIVE_ARCH = YES;
				SDKROOT = iphoneos;
				SWIFT_ACTIVE_COMPILATION_CONDITIONS = DEBUG;
				SWIFT_OPTIMIZATION_LEVEL = "-Onone";
			};
			name = Debug;
		};
		B162933323E29DC900C8463A /* Release */ = {
			isa = XCBuildConfiguration;
			buildSettings = {
				ALWAYS_SEARCH_USER_PATHS = NO;
				CLANG_ANALYZER_NONNULL = YES;
				CLANG_ANALYZER_NUMBER_OBJECT_CONVERSION = YES_AGGRESSIVE;
				CLANG_CXX_LANGUAGE_STANDARD = "gnu++14";
				CLANG_CXX_LIBRARY = "libc++";
				CLANG_ENABLE_MODULES = YES;
				CLANG_ENABLE_OBJC_ARC = YES;
				CLANG_ENABLE_OBJC_WEAK = YES;
				CLANG_WARN_BLOCK_CAPTURE_AUTORELEASING = YES;
				CLANG_WARN_BOOL_CONVERSION = YES;
				CLANG_WARN_COMMA = YES;
				CLANG_WARN_CONSTANT_CONVERSION = YES;
				CLANG_WARN_DEPRECATED_OBJC_IMPLEMENTATIONS = YES;
				CLANG_WARN_DIRECT_OBJC_ISA_USAGE = YES_ERROR;
				CLANG_WARN_DOCUMENTATION_COMMENTS = YES;
				CLANG_WARN_EMPTY_BODY = YES;
				CLANG_WARN_ENUM_CONVERSION = YES;
				CLANG_WARN_INFINITE_RECURSION = YES;
				CLANG_WARN_INT_CONVERSION = YES;
				CLANG_WARN_NON_LITERAL_NULL_CONVERSION = YES;
				CLANG_WARN_OBJC_IMPLICIT_RETAIN_SELF = YES;
				CLANG_WARN_OBJC_LITERAL_CONVERSION = YES;
				CLANG_WARN_OBJC_ROOT_CLASS = YES_ERROR;
				CLANG_WARN_RANGE_LOOP_ANALYSIS = YES;
				CLANG_WARN_STRICT_PROTOTYPES = YES;
				CLANG_WARN_SUSPICIOUS_MOVE = YES;
				CLANG_WARN_UNGUARDED_AVAILABILITY = YES_AGGRESSIVE;
				CLANG_WARN_UNREACHABLE_CODE = YES;
				CLANG_WARN__DUPLICATE_METHOD_MATCH = YES;
				COPY_PHASE_STRIP = NO;
				DEBUG_INFORMATION_FORMAT = "dwarf-with-dsym";
				ENABLE_NS_ASSERTIONS = NO;
				ENABLE_STRICT_OBJC_MSGSEND = YES;
				GCC_C_LANGUAGE_STANDARD = gnu11;
				GCC_NO_COMMON_BLOCKS = YES;
				GCC_WARN_64_TO_32_BIT_CONVERSION = YES;
				GCC_WARN_ABOUT_RETURN_TYPE = YES_ERROR;
				GCC_WARN_UNDECLARED_SELECTOR = YES;
				GCC_WARN_UNINITIALIZED_AUTOS = YES_AGGRESSIVE;
				GCC_WARN_UNUSED_FUNCTION = YES;
				GCC_WARN_UNUSED_VARIABLE = YES;
				IPHONEOS_DEPLOYMENT_TARGET = 13.2;
				MTL_ENABLE_DEBUG_INFO = NO;
				MTL_FAST_MATH = YES;
				SDKROOT = iphoneos;
				SWIFT_COMPILATION_MODE = wholemodule;
				SWIFT_OPTIMIZATION_LEVEL = "-O";
				VALIDATE_PRODUCT = YES;
			};
			name = Release;
		};
		B162933523E29DC900C8463A /* Debug */ = {
			isa = XCBuildConfiguration;
			baseConfigurationReference = BF5A5080CE58AE217A05BD81 /* Pods-YourHost.debug.xcconfig */;
			buildSettings = {
				ASSETCATALOG_COMPILER_APPICON_NAME = AppIcon;
				CODE_SIGN_STYLE = Automatic;
				DEVELOPMENT_TEAM = 4AD42V9YJV;
				INFOPLIST_FILE = YourHost/Info.plist;
				IPHONEOS_DEPLOYMENT_TARGET = 13.0;
				LD_RUNPATH_SEARCH_PATHS = (
					"$(inherited)",
					"@executable_path/Frameworks",
				);
				PRODUCT_BUNDLE_IDENTIFIER = project.YourHost;
				PRODUCT_NAME = "$(TARGET_NAME)";
				SWIFT_VERSION = 5.0;
				TARGETED_DEVICE_FAMILY = 1;
			};
			name = Debug;
		};
		B162933623E29DC900C8463A /* Release */ = {
			isa = XCBuildConfiguration;
			baseConfigurationReference = 3A4E979F709E2E85E03EC729 /* Pods-YourHost.release.xcconfig */;
			buildSettings = {
				ASSETCATALOG_COMPILER_APPICON_NAME = AppIcon;
				CODE_SIGN_STYLE = Automatic;
				DEVELOPMENT_TEAM = 4AD42V9YJV;
				INFOPLIST_FILE = YourHost/Info.plist;
				IPHONEOS_DEPLOYMENT_TARGET = 13.0;
				LD_RUNPATH_SEARCH_PATHS = (
					"$(inherited)",
					"@executable_path/Frameworks",
				);
				PRODUCT_BUNDLE_IDENTIFIER = project.YourHost;
				PRODUCT_NAME = "$(TARGET_NAME)";
				SWIFT_VERSION = 5.0;
				TARGETED_DEVICE_FAMILY = 1;
			};
			name = Release;
		};
/* End XCBuildConfiguration section */

/* Begin XCConfigurationList section */
		B162931B23E29DC800C8463A /* Build configuration list for PBXProject "YourHost" */ = {
			isa = XCConfigurationList;
			buildConfigurations = (
				B162933223E29DC900C8463A /* Debug */,
				B162933323E29DC900C8463A /* Release */,
			);
			defaultConfigurationIsVisible = 0;
			defaultConfigurationName = Release;
		};
		B162933423E29DC900C8463A /* Build configuration list for PBXNativeTarget "YourHost" */ = {
			isa = XCConfigurationList;
			buildConfigurations = (
				B162933523E29DC900C8463A /* Debug */,
				B162933623E29DC900C8463A /* Release */,
			);
			defaultConfigurationIsVisible = 0;
			defaultConfigurationName = Release;
		};
/* End XCConfigurationList section */
	};
	rootObject = B162931823E29DC800C8463A /* Project object */;
}
